<Solution>
  <Folder Name="/src/">
    <Project Path="src/CSES.Core/CSES.Core.csproj" />
    <Project Path="src/CSES.Solutions/CSES.CSharp.csproj" />
    <Project Path="src/CSES.Solutions/CSES.FSharp.fsproj" />
    <Project Path="src/CSES.CSharp.Runner/CSES.CSharp.Runner.csproj" />
    <Project Path="src/CSES.FSharp.Runner/CSES.FSharp.Runner.fsproj" />
  </Folder>
</Solution>
