<Solution>
  <Folder Name="/src/">
    <Project Path="src/CSES.Core/CSES.Core.csproj" />
    <Project Path="src/CSES.Runner/CSES.Runner.csproj" />
    <Project Path="src/CSES.Solutions/CSES.Solutions.csproj" />
    <Project Path="src/CSES.FSharp.Solutions/CSES.FSharp.Solutions.fsproj" />
    <Project Path="src/CSES.FSharp.Runner/CSES.FSharp.Runner.fsproj" />
  </Folder>
</Solution>
